
Microsoft Visual Studio Solution File, Format Version 12.00
# Visual Studio Version 17
VisualStudioVersion = 17.7.34031.279
MinimumVisualStudioVersion = 10.0.40219.1
Project("{FAE04EC0-301F-11D3-BF4B-00C04F79EFBC}") = "nr148081_150251.Samoloty", "nr148081_150251.Samoloty\nr148081_150251.Samoloty.csproj", "{AF5CD20B-787C-4C49-8B17-39C221451674}"
EndProject
Project("{FAE04EC0-301F-11D3-BF4B-00C04F79EFBC}") = "nr148081_150251.Samoloty.Interfaces", "nr148081_150251.Samoloty.Interfaces\nr148081_150251.Samoloty.Interfaces.csproj", "{A00C8782-9D7E-405E-AA3F-1DD00955C487}"
EndProject
Project("{FAE04EC0-301F-11D3-BF4B-00C04F79EFBC}") = "nr148081_150251.Samoloty.Core", "nr148081_150251.Samoloty.Core\nr148081_150251.Samoloty.Core.csproj", "{67DE3EF7-2153-44AD-9785-C520F105AF78}"
EndProject
Project("{FAE04EC0-301F-11D3-BF4B-00C04F79EFBC}") = "nr148081_150251.Samoloty.BL", "nr148081_150251.Samoloty.BL\nr148081_150251.Samoloty.BL.csproj", "{73312A24-BBC9-423B-9C63-18F88EEC7B89}"
EndProject
Project("{FAE04EC0-301F-11D3-BF4B-00C04F79EFBC}") = "nr148081_150251.Samoloty.DAOMock", "nr148081_150251.Samoloty.DAOMock\nr148081_150251.Samoloty.DAOMock.csproj", "{67861AE3-E191-4ABB-94FA-8D0DB6E0963D}"
EndProject
Project("{FAE04EC0-301F-11D3-BF4B-00C04F79EFBC}") = "nr148081_150251.Samoloty.DAOSql", "nr148081_150251.Samoloty.DAOSql\nr148081_150251.Samoloty.DAOSql.csproj", "{8E299BE9-F362-4D42-866C-205EEFD1A1FB}"
EndProject
Global
	GlobalSection(SolutionConfigurationPlatforms) = preSolution
		Debug|Any CPU = Debug|Any CPU
		Release|Any CPU = Release|Any CPU
	EndGlobalSection
	GlobalSection(ProjectConfigurationPlatforms) = postSolution
		{AF5CD20B-787C-4C49-8B17-39C221451674}.Debug|Any CPU.ActiveCfg = Debug|Any CPU
		{AF5CD20B-787C-4C49-8B17-39C221451674}.Debug|Any CPU.Build.0 = Debug|Any CPU
		{AF5CD20B-787C-4C49-8B17-39C221451674}.Release|Any CPU.ActiveCfg = Release|Any CPU
		{AF5CD20B-787C-4C49-8B17-39C221451674}.Release|Any CPU.Build.0 = Release|Any CPU
		{A00C8782-9D7E-405E-AA3F-1DD00955C487}.Debug|Any CPU.ActiveCfg = Debug|Any CPU
		{A00C8782-9D7E-405E-AA3F-1DD00955C487}.Debug|Any CPU.Build.0 = Debug|Any CPU
		{A00C8782-9D7E-405E-AA3F-1DD00955C487}.Release|Any CPU.ActiveCfg = Release|Any CPU
		{A00C8782-9D7E-405E-AA3F-1DD00955C487}.Release|Any CPU.Build.0 = Release|Any CPU
		{67DE3EF7-2153-44AD-9785-C520F105AF78}.Debug|Any CPU.ActiveCfg = Debug|Any CPU
		{67DE3EF7-2153-44AD-9785-C520F105AF78}.Debug|Any CPU.Build.0 = Debug|Any CPU
		{67DE3EF7-2153-44AD-9785-C520F105AF78}.Release|Any CPU.ActiveCfg = Release|Any CPU
		{67DE3EF7-2153-44AD-9785-C520F105AF78}.Release|Any CPU.Build.0 = Release|Any CPU
		{73312A24-BBC9-423B-9C63-18F88EEC7B89}.Debug|Any CPU.ActiveCfg = Debug|Any CPU
		{73312A24-BBC9-423B-9C63-18F88EEC7B89}.Debug|Any CPU.Build.0 = Debug|Any CPU
		{73312A24-BBC9-423B-9C63-18F88EEC7B89}.Release|Any CPU.ActiveCfg = Release|Any CPU
		{73312A24-BBC9-423B-9C63-18F88EEC7B89}.Release|Any CPU.Build.0 = Release|Any CPU
		{67861AE3-E191-4ABB-94FA-8D0DB6E0963D}.Debug|Any CPU.ActiveCfg = Debug|Any CPU
		{67861AE3-E191-4ABB-94FA-8D0DB6E0963D}.Debug|Any CPU.Build.0 = Debug|Any CPU
		{67861AE3-E191-4ABB-94FA-8D0DB6E0963D}.Release|Any CPU.ActiveCfg = Release|Any CPU
		{67861AE3-E191-4ABB-94FA-8D0DB6E0963D}.Release|Any CPU.Build.0 = Release|Any CPU
		{8E299BE9-F362-4D42-866C-205EEFD1A1FB}.Debug|Any CPU.ActiveCfg = Debug|Any CPU
		{8E299BE9-F362-4D42-866C-205EEFD1A1FB}.Debug|Any CPU.Build.0 = Debug|Any CPU
		{8E299BE9-F362-4D42-866C-205EEFD1A1FB}.Release|Any CPU.ActiveCfg = Release|Any CPU
		{8E299BE9-F362-4D42-866C-205EEFD1A1FB}.Release|Any CPU.Build.0 = Release|Any CPU
	EndGlobalSection
	GlobalSection(SolutionProperties) = preSolution
		HideSolutionNode = FALSE
	EndGlobalSection
	GlobalSection(ExtensibilityGlobals) = postSolution
		SolutionGuid = {40E900C5-B233-4B84-A83E-8222CAAF58C8}
	EndGlobalSection
EndGlobal
